# This file is automatically @generated by Cargo.
# It is not intended for manual editing.
[[package]]
name = "codegen"
version = "0.1.0"
dependencies = [
 "protobuf-codegen-pure",
]

[[package]]
name = "protobuf"
version = "2.10.1"
source = "registry+https://github.com/rust-lang/crates.io-index"
checksum = "6686ddd96a8dbe2687b5f2a687b2cfb520854010ec480f2d74c32e7c9873d3c5"

[[package]]
name = "protobuf-codegen"
version = "2.10.1"
source = "registry+https://github.com/rust-lang/crates.io-index"
checksum = "6456421eecf7fc72905868cd760c3e35848ded3552e480cfe67726ed4dbd8d23"
dependencies = [
 "protobuf",
]

[[package]]
name = "protobuf-codegen-pure"
version = "2.10.1"
source = "registry+https://github.com/rust-lang/crates.io-index"
checksum = "4a7cb42d5ab6073333be90208ab5ea6ab41c8f6803b35fd773a7572624cc15c9"
dependencies = [
 "protobuf",
 "protobuf-codegen",
]
